// !$*UTF8*$!
{
	archiveVersion = 1;
	classes = {
	};
	objectVersion = 46;
	objects = {

/* Begin PBXBuildFile section */
		343120821B031F5B008902AE /* PlaySoundsViewController.swift in Sources */ = {isa = PBXBuildFile; fileRef = 343120811B031F5B008902AE /* PlaySoundsViewController.swift */; };
		3432EB641B0455510088EEBA /* RecordAudioViewController.swift in Sources */ = {isa = PBXBuildFile; fileRef = 34A53A971B01A06D00753989 /* RecordAudioViewController.swift */; };
		3432EB651B04555F0088EEBA /* RecordedAudio.swift in Sources */ = {isa = PBXBuildFile; fileRef = 3432EB611B0452E10088EEBA /* RecordedAudio.swift */; };
		34A53A961B01A06D00753989 /* AppDelegate.swift in Sources */ = {isa = PBXBuildFile; fileRef = 34A53A951B01A06D00753989 /* AppDelegate.swift */; };
		34A53A9B1B01A06D00753989 /* Main.storyboard in Resources */ = {isa = PBXBuildFile; fileRef = 34A53A991B01A06D00753989 /* Main.storyboard */; };
		34A53A9D1B01A06D00753989 /* Images.xcassets in Resources */ = {isa = PBXBuildFile; fileRef = 34A53A9C1B01A06D00753989 /* Images.xcassets */; };
		34A53AA01B01A06D00753989 /* LaunchScreen.xib in Resources */ = {isa = PBXBuildFile; fileRef = 34A53A9E1B01A06D00753989 /* LaunchScreen.xib */; };
		34A53AAC1B01A06D00753989 /* Pitch_PerfectTests.swift in Sources */ = {isa = PBXBuildFile; fileRef = 34A53AAB1B01A06D00753989 /* Pitch_PerfectTests.swift */; };
/* End PBXBuildFile section */

/* Begin PBXContainerItemProxy section */
		34A53AA61B01A06D00753989 /* PBXContainerItemProxy */ = {
			isa = PBXContainerItemProxy;
			containerPortal = 34A53A881B01A06D00753989 /* Project object */;
			proxyType = 1;
			remoteGlobalIDString = 34A53A8F1B01A06D00753989;
			remoteInfo = "Pitch Perfect";
		};
/* End PBXContainerItemProxy section */

/* Begin PBXFileReference section */
		343120811B031F5B008902AE /* PlaySoundsViewController.swift */ = {isa = PBXFileReference; fileEncoding = 4; lastKnownFileType = sourcecode.swift; path = PlaySoundsViewController.swift; sourceTree = "<group>"; };
		3432EB611B0452E10088EEBA /* RecordedAudio.swift */ = {isa = PBXFileReference; explicitFileType = sourcecode.swift; fileEncoding = 4; name = RecordedAudio.swift; path = "Pitch Perfect/RecordedAudio.swift"; sourceTree = SOURCE_ROOT; };
		34A53A901B01A06D00753989 /* Pitch Perfect.app */ = {isa = PBXFileReference; explicitFileType = wrapper.application; includeInIndex = 0; path = "Pitch Perfect.app"; sourceTree = BUILT_PRODUCTS_DIR; };
		34A53A941B01A06D00753989 /* Info.plist */ = {isa = PBXFileReference; lastKnownFileType = text.plist.xml; path = Info.plist; sourceTree = "<group>"; };
		34A53A951B01A06D00753989 /* AppDelegate.swift */ = {isa = PBXFileReference; lastKnownFileType = sourcecode.swift; path = AppDelegate.swift; sourceTree = "<group>"; };
		34A53A971B01A06D00753989 /* RecordAudioViewController.swift */ = {isa = PBXFileReference; lastKnownFileType = sourcecode.swift; path = RecordAudioViewController.swift; sourceTree = "<group>"; };
		34A53A9A1B01A06D00753989 /* Base */ = {isa = PBXFileReference; lastKnownFileType = file.storyboard; name = Base; path = Base.lproj/Main.storyboard; sourceTree = "<group>"; };
		34A53A9C1B01A06D00753989 /* Images.xcassets */ = {isa = PBXFileReference; lastKnownFileType = folder.assetcatalog; path = Images.xcassets; sourceTree = "<group>"; };
		34A53A9F1B01A06D00753989 /* Base */ = {isa = PBXFileReference; lastKnownFileType = file.xib; name = Base; path = Base.lproj/LaunchScreen.xib; sourceTree = "<group>"; };
		34A53AA51B01A06D00753989 /* Pitch PerfectTests.xctest */ = {isa = PBXFileReference; explicitFileType = wrapper.cfbundle; includeInIndex = 0; path = "Pitch PerfectTests.xctest"; sourceTree = BUILT_PRODUCTS_DIR; };
		34A53AAA1B01A06D00753989 /* Info.plist */ = {isa = PBXFileReference; lastKnownFileType = text.plist.xml; path = Info.plist; sourceTree = "<group>"; };
		34A53AAB1B01A06D00753989 /* Pitch_PerfectTests.swift */ = {isa = PBXFileReference; lastKnownFileType = sourcecode.swift; path = Pitch_PerfectTests.swift; sourceTree = "<group>"; };
/* End PBXFileReference section */

/* Begin PBXFrameworksBuildPhase section */
		34A53A8D1B01A06D00753989 /* Frameworks */ = {
			isa = PBXFrameworksBuildPhase;
			buildActionMask = 2147483647;
			files = (
			);
			runOnlyForDeploymentPostprocessing = 0;
		};
		34A53AA21B01A06D00753989 /* Frameworks */ = {
			isa = PBXFrameworksBuildPhase;
			buildActionMask = 2147483647;
			files = (
			);
			runOnlyForDeploymentPostprocessing = 0;
		};
/* End PBXFrameworksBuildPhase section */

/* Begin PBXGroup section */
		34A53A871B01A06D00753989 = {
			isa = PBXGroup;
			children = (
				34A53A921B01A06D00753989 /* Pitch Perfect */,
				34A53AA81B01A06D00753989 /* Pitch PerfectTests */,
				34A53A911B01A06D00753989 /* Products */,
			);
			sourceTree = "<group>";
		};
		34A53A911B01A06D00753989 /* Products */ = {
			isa = PBXGroup;
			children = (
				34A53A901B01A06D00753989 /* Pitch Perfect.app */,
				34A53AA51B01A06D00753989 /* Pitch PerfectTests.xctest */,
			);
			name = Products;
			sourceTree = "<group>";
		};
		34A53A921B01A06D00753989 /* Pitch Perfect */ = {
			isa = PBXGroup;
			children = (
				34A53A951B01A06D00753989 /* AppDelegate.swift */,
				3432EB611B0452E10088EEBA /* RecordedAudio.swift */,
				34A53A971B01A06D00753989 /* RecordAudioViewController.swift */,
				34A53A991B01A06D00753989 /* Main.storyboard */,
				343120811B031F5B008902AE /* PlaySoundsViewController.swift */,
				34A53A9C1B01A06D00753989 /* Images.xcassets */,
				34A53A9E1B01A06D00753989 /* LaunchScreen.xib */,
				34A53A931B01A06D00753989 /* Supporting Files */,
			);
			path = "Pitch Perfect";
			sourceTree = "<group>";
		};
		34A53A931B01A06D00753989 /* Supporting Files */ = {
			isa = PBXGroup;
			children = (
				34A53A941B01A06D00753989 /* Info.plist */,
			);
			name = "Supporting Files";
			sourceTree = "<group>";
		};
		34A53AA81B01A06D00753989 /* Pitch PerfectTests */ = {
			isa = PBXGroup;
			children = (
				34A53AAB1B01A06D00753989 /* Pitch_PerfectTests.swift */,
				34A53AA91B01A06D00753989 /* Supporting Files */,
			);
			path = "Pitch PerfectTests";
			sourceTree = "<group>";
		};
		34A53AA91B01A06D00753989 /* Supporting Files */ = {
			isa = PBXGroup;
			children = (
				34A53AAA1B01A06D00753989 /* Info.plist */,
			);
			name = "Supporting Files";
			sourceTree = "<group>";
		};
/* End PBXGroup section */

/* Begin PBXNativeTarget section */
		34A53A8F1B01A06D00753989 /* Pitch Perfect */ = {
			isa = PBXNativeTarget;
			buildConfigurationList = 34A53AAF1B01A06D00753989 /* Build configuration list for PBXNativeTarget "Pitch Perfect" */;
			buildPhases = (
				34A53A8C1B01A06D00753989 /* Sources */,
				34A53A8D1B01A06D00753989 /* Frameworks */,
				34A53A8E1B01A06D00753989 /* Resources */,
			);
			buildRules = (
			);
			dependencies = (
			);
			name = "Pitch Perfect";
			productName = "Pitch Perfect";
			productReference = 34A53A901B01A06D00753989 /* Pitch Perfect.app */;
			productType = "com.apple.product-type.application";
		};
		34A53AA41B01A06D00753989 /* Pitch PerfectTests */ = {
			isa = PBXNativeTarget;
			buildConfigurationList = 34A53AB21B01A06D00753989 /* Build configuration list for PBXNativeTarget "Pitch PerfectTests" */;
			buildPhases = (
				34A53AA11B01A06D00753989 /* Sources */,
				34A53AA21B01A06D00753989 /* Frameworks */,
				34A53AA31B01A06D00753989 /* Resources */,
			);
			buildRules = (
			);
			dependencies = (
				34A53AA71B01A06D00753989 /* PBXTargetDependency */,
			);
			name = "Pitch PerfectTests";
			productName = "Pitch PerfectTests";
			productReference = 34A53AA51B01A06D00753989 /* Pitch PerfectTests.xctest */;
			productType = "com.apple.product-type.bundle.unit-test";
		};
/* End PBXNativeTarget section */

/* Begin PBXProject section */
		34A53A881B01A06D00753989 /* Project object */ = {
			isa = PBXProject;
			attributes = {
				LastUpgradeCheck = 0630;
				ORGANIZATIONNAME = "Carl Ward";
				TargetAttributes = {
					34A53A8F1B01A06D00753989 = {
						CreatedOnToolsVersion = 6.3.1;
					};
					34A53AA41B01A06D00753989 = {
						CreatedOnToolsVersion = 6.3.1;
						TestTargetID = 34A53A8F1B01A06D00753989;
					};
				};
			};
			buildConfigurationList = 34A53A8B1B01A06D00753989 /* Build configuration list for PBXProject "Pitch Perfect" */;
			compatibilityVersion = "Xcode 3.2";
			developmentRegion = English;
			hasScannedForEncodings = 0;
			knownRegions = (
				en,
				Base,
			);
			mainGroup = 34A53A871B01A06D00753989;
			productRefGroup = 34A53A911B01A06D00753989 /* Products */;
			projectDirPath = "";
			projectRoot = "";
			targets = (
				34A53A8F1B01A06D00753989 /* Pitch Perfect */,
				34A53AA41B01A06D00753989 /* Pitch PerfectTests */,
			);
		};
/* End PBXProject section */

/* Begin PBXResourcesBuildPhase section */
		34A53A8E1B01A06D00753989 /* Resources */ = {
			isa = PBXResourcesBuildPhase;
			buildActionMask = 2147483647;
			files = (
				34A53A9B1B01A06D00753989 /* Main.storyboard in Resources */,
				34A53AA01B01A06D00753989 /* LaunchScreen.xib in Resources */,
				34A53A9D1B01A06D00753989 /* Images.xcassets in Resources */,
			);
			runOnlyForDeploymentPostprocessing = 0;
		};
		34A53AA31B01A06D00753989 /* Resources */ = {
			isa = PBXResourcesBuildPhase;
			buildActionMask = 2147483647;
			files = (
			);
			runOnlyForDeploymentPostprocessing = 0;
		};
/* End PBXResourcesBuildPhase section */

/* Begin PBXSourcesBuildPhase section */
		34A53A8C1B01A06D00753989 /* Sources */ = {
			isa = PBXSourcesBuildPhase;
			buildActionMask = 2147483647;
			files = (
				3432EB651B04555F0088EEBA /* RecordedAudio.swift in Sources */,
				3432EB641B0455510088EEBA /* RecordAudioViewController.swift in Sources */,
				343120821B031F5B008902AE /* PlaySoundsViewController.swift in Sources */,
				34A53A961B01A06D00753989 /* AppDelegate.swift in Sources */,
			);
			runOnlyForDeploymentPostprocessing = 0;
		};
		34A53AA11B01A06D00753989 /* Sources */ = {
			isa = PBXSourcesBuildPhase;
			buildActionMask = 2147483647;
			files = (
				34A53AAC1B01A06D00753989 /* Pitch_PerfectTests.swift in Sources */,
			);
			runOnlyForDeploymentPostprocessing = 0;
		};
/* End PBXSourcesBuildPhase section */

/* Begin PBXTargetDependency section */
		34A53AA71B01A06D00753989 /* PBXTargetDependency */ = {
			isa = PBXTargetDependency;
			target = 34A53A8F1B01A06D00753989 /* Pitch Perfect */;
			targetProxy = 34A53AA61B01A06D00753989 /* PBXContainerItemProxy */;
		};
/* End PBXTargetDependency section */

/* Begin PBXVariantGroup section */
		34A53A991B01A06D00753989 /* Main.storyboard */ = {
			isa = PBXVariantGroup;
			children = (
				34A53A9A1B01A06D00753989 /* Base */,
			);
			name = Main.storyboard;
			sourceTree = "<group>";
		};
		34A53A9E1B01A06D00753989 /* LaunchScreen.xib */ = {
			isa = PBXVariantGroup;
			children = (
				34A53A9F1B01A06D00753989 /* Base */,
			);
			name = LaunchScreen.xib;
			sourceTree = "<group>";
		};
/* End PBXVariantGroup section */

/* Begin XCBuildConfiguration section */
		34A53AAD1B01A06D00753989 /* Debug */ = {
			isa = XCBuildConfiguration;
			buildSettings = {
				ALWAYS_SEARCH_USER_PATHS = NO;
				CLANG_CXX_LANGUAGE_STANDARD = "gnu++0x";
				CLANG_CXX_LIBRARY = "libc++";
				CLANG_ENABLE_MODULES = YES;
				CLANG_ENABLE_OBJC_ARC = YES;
				CLANG_WARN_BOOL_CONVERSION = YES;
				CLANG_WARN_CONSTANT_CONVERSION = YES;
				CLANG_WARN_DIRECT_OBJC_ISA_USAGE = YES_ERROR;
				CLANG_WARN_EMPTY_BODY = YES;
				CLANG_WARN_ENUM_CONVERSION = YES;
				CLANG_WARN_INT_CONVERSION = YES;
				CLANG_WARN_OBJC_ROOT_CLASS = YES_ERROR;
				CLANG_WARN_UNREACHABLE_CODE = YES;
				CLANG_WARN__DUPLICATE_METHOD_MATCH = YES;
				"CODE_SIGN_IDENTITY[sdk=iphoneos*]" = "iPhone Developer";
				COPY_PHASE_STRIP = NO;
				DEBUG_INFORMATION_FORMAT = "dwarf-with-dsym";
				ENABLE_STRICT_OBJC_MSGSEND = YES;
				GCC_C_LANGUAGE_STANDARD = gnu99;
				GCC_DYNAMIC_NO_PIC = NO;
				GCC_NO_COMMON_BLOCKS = YES;
				GCC_OPTIMIZATION_LEVEL = 0;
				GCC_PREPROCESSOR_DEFINITIONS = (
					"DEBUG=1",
					"$(inherited)",
				);
				GCC_SYMBOLS_PRIVATE_EXTERN = NO;
				GCC_WARN_64_TO_32_BIT_CONVERSION = YES;
				GCC_WARN_ABOUT_RETURN_TYPE = YES_ERROR;
				GCC_WARN_UNDECLARED_SELECTOR = YES;
				GCC_WARN_UNINITIALIZED_AUTOS = YES_AGGRESSIVE;
				GCC_WARN_UNUSED_FUNCTION = YES;
				GCC_WARN_UNUSED_VARIABLE = YES;
				IPHONEOS_DEPLOYMENT_TARGET = 8.3;
				MTL_ENABLE_DEBUG_INFO = YES;
				ONLY_ACTIVE_ARCH = YES;
				SDKROOT = iphoneos;
				SWIFT_OPTIMIZATION_LEVEL = "-Onone";
			};
			name = Debug;
		};
		34A53AAE1B01A06D00753989 /* Release */ = {
			isa = XCBuildConfiguration;
			buildSettings = {
				ALWAYS_SEARCH_USER_PATHS = NO;
				CLANG_CXX_LANGUAGE_STANDARD = "gnu++0x";
				CLANG_CXX_LIBRARY = "libc++";
				CLANG_ENABLE_MODULES = YES;
				CLANG_ENABLE_OBJC_ARC = YES;
				CLANG_WARN_BOOL_CONVERSION = YES;
				CLANG_WARN_CONSTANT_CONVERSION = YES;
				CLANG_WARN_DIRECT_OBJC_ISA_USAGE = YES_ERROR;
				CLANG_WARN_EMPTY_BODY = YES;
				CLANG_WARN_ENUM_CONVERSION = YES;
				CLANG_WARN_INT_CONVERSION = YES;
				CLANG_WARN_OBJC_ROOT_CLASS = YES_ERROR;
				CLANG_WARN_UNREACHABLE_CODE = YES;
				CLANG_WARN__DUPLICATE_METHOD_MATCH = YES;
				"CODE_SIGN_IDENTITY[sdk=iphoneos*]" = "iPhone Developer";
				COPY_PHASE_STRIP = NO;
				DEBUG_INFORMATION_FORMAT = "dwarf-with-dsym";
				ENABLE_NS_ASSERTIONS = NO;
				ENABLE_STRICT_OBJC_MSGSEND = YES;
				GCC_C_LANGUAGE_STANDARD = gnu99;
				GCC_NO_COMMON_BLOCKS = YES;
				GCC_WARN_64_TO_32_BIT_CONVERSION = YES;
				GCC_WARN_ABOUT_RETURN_TYPE = YES_ERROR;
				GCC_WARN_UNDECLARED_SELECTOR = YES;
				GCC_WARN_UNINITIALIZED_AUTOS = YES_AGGRESSIVE;
				GCC_WARN_UNUSED_FUNCTION = YES;
				GCC_WARN_UNUSED_VARIABLE = YES;
				IPHONEOS_DEPLOYMENT_TARGET = 8.3;
				MTL_ENABLE_DEBUG_INFO = NO;
				SDKROOT = iphoneos;
				VALIDATE_PRODUCT = YES;
			};
			name = Release;
		};
		34A53AB01B01A06D00753989 /* Debug */ = {
			isa = XCBuildConfiguration;
			buildSettings = {
				ASSETCATALOG_COMPILER_APPICON_NAME = AppIcon;
				INFOPLIST_FILE = "Pitch Perfect/Info.plist";
				LD_RUNPATH_SEARCH_PATHS = "$(inherited) @executable_path/Frameworks";
				PRODUCT_NAME = "$(TARGET_NAME)";
			};
			name = Debug;
		};
		34A53AB11B01A06D00753989 /* Release */ = {
			isa = XCBuildConfiguration;
			buildSettings = {
				ASSETCATALOG_COMPILER_APPICON_NAME = AppIcon;
				INFOPLIST_FILE = "Pitch Perfect/Info.plist";
				LD_RUNPATH_SEARCH_PATHS = "$(inherited) @executable_path/Frameworks";
				PRODUCT_NAME = "$(TARGET_NAME)";
			};
			name = Release;
		};
		34A53AB31B01A06D00753989 /* Debug */ = {
			isa = XCBuildConfiguration;
			buildSettings = {
				BUNDLE_LOADER = "$(TEST_HOST)";
				FRAMEWORK_SEARCH_PATHS = (
					"$(SDKROOT)/Developer/Library/Frameworks",
					"$(inherited)",
				);
				GCC_PREPROCESSOR_DEFINITIONS = (
					"DEBUG=1",
					"$(inherited)",
				);
				INFOPLIST_FILE = "Pitch PerfectTests/Info.plist";
				LD_RUNPATH_SEARCH_PATHS = "$(inherited) @executable_path/Frameworks @loader_path/Frameworks";
				PRODUCT_NAME = "$(TARGET_NAME)";
				TEST_HOST = "$(BUILT_PRODUCTS_DIR)/Pitch Perfect.app/Pitch Perfect";
			};
			name = Debug;
		};
		34A53AB41B01A06D00753989 /* Release */ = {
			isa = XCBuildConfiguration;
			buildSettings = {
				BUNDLE_LOADER = "$(TEST_HOST)";
				FRAMEWORK_SEARCH_PATHS = (
					"$(SDKROOT)/Developer/Library/Frameworks",
					"$(inherited)",
				);
				INFOPLIST_FILE = "Pitch PerfectTests/Info.plist";
				LD_RUNPATH_SEARCH_PATHS = "$(inherited) @executable_path/Frameworks @loader_path/Frameworks";
				PRODUCT_NAME = "$(TARGET_NAME)";
				TEST_HOST = "$(BUILT_PRODUCTS_DIR)/Pitch Perfect.app/Pitch Perfect";
			};
			name = Release;
		};
/* End XCBuildConfiguration section */

/* Begin XCConfigurationList section */
		34A53A8B1B01A06D00753989 /* Build configuration list for PBXProject "Pitch Perfect" */ = {
			isa = XCConfigurationList;
			buildConfigurations = (
				34A53AAD1B01A06D00753989 /* Debug */,
				34A53AAE1B01A06D00753989 /* Release */,
			);
			defaultConfigurationIsVisible = 0;
			defaultConfigurationName = Release;
		};
		34A53AAF1B01A06D00753989 /* Build configuration list for PBXNativeTarget "Pitch Perfect" */ = {
			isa = XCConfigurationList;
			buildConfigurations = (
				34A53AB01B01A06D00753989 /* Debug */,
				34A53AB11B01A06D00753989 /* Release */,
			);
			defaultConfigurationIsVisible = 0;
			defaultConfigurationName = Release;
		};
		34A53AB21B01A06D00753989 /* Build configuration list for PBXNativeTarget "Pitch PerfectTests" */ = {
			isa = XCConfigurationList;
			buildConfigurations = (
				34A53AB31B01A06D00753989 /* Debug */,
				34A53AB41B01A06D00753989 /* Release */,
			);
			defaultConfigurationIsVisible = 0;
			defaultConfigurationName = Release;
		};
/* End XCConfigurationList section */
	};
	rootObject = 34A53A881B01A06D00753989 /* Project object */;
}
